PODS:
  - audio_session (0.0.1):
    - FlutterMacOS
  - device_info_plus (0.0.1):
    - FlutterMacOS
  - Firebase/CoreOnly (10.3.0):
    - FirebaseCore (= 10.3.0)
  - Firebase/Messaging (10.3.0):
    - Firebase/CoreOnly
    - FirebaseMessaging (~> 10.3.0)
  - firebase_core (2.7.1):
    - Firebase/CoreOnly (~> 10.3.0)
    - FlutterMacOS
  - firebase_messaging (14.2.6):
    - Firebase/CoreOnly (~> 10.3.0)
    - Firebase/Messaging (~> 10.3.0)
    - firebase_core
    - FlutterMacOS
  - FirebaseCore (10.3.0):
    - FirebaseCoreInternal (~> 10.0)
    - GoogleUtilities/Environment (~> 7.8)
    - GoogleUtilities/Logger (~> 7.8)
  - FirebaseCoreInternal (10.3.0):
    - "GoogleUtilities/NSData+zlib (~> 7.8)"
  - FirebaseInstallations (10.3.0):
    - FirebaseCore (~> 10.0)
    - GoogleUtilities/Environment (~> 7.8)
    - GoogleUtilities/UserDefaults (~> 7.8)
    - PromisesObjC (~> 2.1)
  - FirebaseMessaging (10.3.0):
    - FirebaseCore (~> 10.0)
    - FirebaseInstallations (~> 10.0)
    - GoogleDataTransport (~> 9.2)
    - GoogleUtilities/AppDelegateSwizzler (~> 7.8)
    - GoogleUtilities/Environment (~> 7.8)
    - GoogleUtilities/Reachability (~> 7.8)
    - GoogleUtilities/UserDefaults (~> 7.8)
    - nanopb (< 2.30910.0, >= 2.30908.0)
  - flutter_local_notifications (0.0.1):
    - FlutterMacOS
  - FlutterMacOS (1.0.0)
  - geolocator_apple (1.2.0):
    - FlutterMacOS
  - GoogleDataTransport (9.2.0):
    - GoogleUtilities/Environment (~> 7.7)
    - nanopb (< 2.30910.0, >= 2.30908.0)
    - PromisesObjC (< 3.0, >= 1.2)
  - GoogleUtilities/AppDelegateSwizzler (7.10.0):
    - GoogleUtilities/Environment
    - GoogleUtilities/Logger
    - GoogleUtilities/Network
  - GoogleUtilities/Environment (7.10.0):
    - PromisesObjC (< 3.0, >= 1.2)
  - GoogleUtilities/Logger (7.10.0):
    - GoogleUtilities/Environment
  - GoogleUtilities/Network (7.10.0):
    - GoogleUtilities/Logger
    - "GoogleUtilities/NSData+zlib"
    - GoogleUtilities/Reachability
  - "GoogleUtilities/NSData+zlib (7.10.0)"
  - GoogleUtilities/Reachability (7.10.0):
    - GoogleUtilities/Logger
  - GoogleUtilities/UserDefaults (7.10.0):
    - GoogleUtilities/Logger
  - in_app_purchase_storekit (0.0.1):
    - Flutter
    - FlutterMacOS
  - just_audio (0.0.1):
    - FlutterMacOS
  - location (0.0.1):
    - FlutterMacOS
  - nanopb (2.30909.0):
    - nanopb/decode (= 2.30909.0)
    - nanopb/encode (= 2.30909.0)
  - nanopb/decode (2.30909.0)
  - nanopb/encode (2.30909.0)
  - package_info_plus (0.0.1):
    - FlutterMacOS
  - path_provider_foundation (0.0.1):
    - Flutter
    - FlutterMacOS
  - platform_device_id (0.0.1):
    - FlutterMacOS
  - platform_device_id_macos (0.0.1):
    - FlutterMacOS
  - PromisesObjC (2.1.1)
  - share_plus (0.0.1):
    - FlutterMacOS
  - shared_preferences_foundation (0.0.1):
    - Flutter
    - FlutterMacOS
  - url_launcher_macos (0.0.1):
    - FlutterMacOS
  - wakelock_macos (0.0.1):
    - FlutterMacOS

DEPENDENCIES:
  - audio_session (from `Flutter/ephemeral/.symlinks/plugins/audio_session/macos`)
  - device_info_plus (from `Flutter/ephemeral/.symlinks/plugins/device_info_plus/macos`)
  - firebase_core (from `Flutter/ephemeral/.symlinks/plugins/firebase_core/macos`)
  - firebase_messaging (from `Flutter/ephemeral/.symlinks/plugins/firebase_messaging/macos`)
  - flutter_local_notifications (from `Flutter/ephemeral/.symlinks/plugins/flutter_local_notifications/macos`)
  - FlutterMacOS (from `Flutter/ephemeral`)
  - geolocator_apple (from `Flutter/ephemeral/.symlinks/plugins/geolocator_apple/macos`)
  - in_app_purchase_storekit (from `Flutter/ephemeral/.symlinks/plugins/in_app_purchase_storekit/macos`)
  - just_audio (from `Flutter/ephemeral/.symlinks/plugins/just_audio/macos`)
  - location (from `Flutter/ephemeral/.symlinks/plugins/location/macos`)
  - package_info_plus (from `Flutter/ephemeral/.symlinks/plugins/package_info_plus/macos`)
  - path_provider_foundation (from `Flutter/ephemeral/.symlinks/plugins/path_provider_foundation/macos`)
  - platform_device_id (from `Flutter/ephemeral/.symlinks/plugins/platform_device_id/macos`)
  - platform_device_id_macos (from `Flutter/ephemeral/.symlinks/plugins/platform_device_id_macos/macos`)
  - share_plus (from `Flutter/ephemeral/.symlinks/plugins/share_plus/macos`)
  - shared_preferences_foundation (from `Flutter/ephemeral/.symlinks/plugins/shared_preferences_foundation/macos`)
  - url_launcher_macos (from `Flutter/ephemeral/.symlinks/plugins/url_launcher_macos/macos`)
  - wakelock_macos (from `Flutter/ephemeral/.symlinks/plugins/wakelock_macos/macos`)

SPEC REPOS:
  trunk:
    - Firebase
    - FirebaseCore
    - FirebaseCoreInternal
    - FirebaseInstallations
    - FirebaseMessaging
    - GoogleDataTransport
    - GoogleUtilities
    - nanopb
    - PromisesObjC

EXTERNAL SOURCES:
  audio_session:
    :path: Flutter/ephemeral/.symlinks/plugins/audio_session/macos
  device_info_plus:
    :path: Flutter/ephemeral/.symlinks/plugins/device_info_plus/macos
  firebase_core:
    :path: Flutter/ephemeral/.symlinks/plugins/firebase_core/macos
  firebase_messaging:
    :path: Flutter/ephemeral/.symlinks/plugins/firebase_messaging/macos
  flutter_local_notifications:
    :path: Flutter/ephemeral/.symlinks/plugins/flutter_local_notifications/macos
  FlutterMacOS:
    :path: Flutter/ephemeral
  geolocator_apple:
    :path: Flutter/ephemeral/.symlinks/plugins/geolocator_apple/macos
  in_app_purchase_storekit:
    :path: Flutter/ephemeral/.symlinks/plugins/in_app_purchase_storekit/macos
  just_audio:
    :path: Flutter/ephemeral/.symlinks/plugins/just_audio/macos
  location:
    :path: Flutter/ephemeral/.symlinks/plugins/location/macos
  package_info_plus:
    :path: Flutter/ephemeral/.symlinks/plugins/package_info_plus/macos
  path_provider_foundation:
    :path: Flutter/ephemeral/.symlinks/plugins/path_provider_foundation/macos
  platform_device_id:
    :path: Flutter/ephemeral/.symlinks/plugins/platform_device_id/macos
  platform_device_id_macos:
    :path: Flutter/ephemeral/.symlinks/plugins/platform_device_id_macos/macos
  share_plus:
    :path: Flutter/ephemeral/.symlinks/plugins/share_plus/macos
  shared_preferences_foundation:
    :path: Flutter/ephemeral/.symlinks/plugins/shared_preferences_foundation/macos
  url_launcher_macos:
    :path: Flutter/ephemeral/.symlinks/plugins/url_launcher_macos/macos
  wakelock_macos:
    :path: Flutter/ephemeral/.symlinks/plugins/wakelock_macos/macos

SPEC CHECKSUMS:
  audio_session: dea1f41890dbf1718f04a56f1d6150fd50039b72
  device_info_plus: 5401765fde0b8d062a2f8eb65510fb17e77cf07f
  Firebase: f92fc551ead69c94168d36c2b26188263860acd9
  firebase_core: 82d0bad907d4128050efaaaa978f9d313b2ef167
  firebase_messaging: e3a99b4c6fb6f593c6f21d959f9b998967d3367c
  FirebaseCore: 988754646ab3bd4bdcb740f1bfe26b9f6c0d5f2a
  FirebaseCoreInternal: 29b76f784d607df8b2a1259d73c3f04f1210137b
  FirebaseInstallations: e2f26126089dcf41e215f7b8925af8d953c7d602
  FirebaseMessaging: e345b219fd15d325f0cf2fef28cb8ce00d851b3f
  flutter_local_notifications: 3805ca215b2fb7f397d78b66db91f6a747af52e4
  FlutterMacOS: 8f6f14fa908a6fb3fba0cd85dbd81ec4b251fb24
  geolocator_apple: 72a78ae3f3e4ec0db62117bd93e34523f5011d58
  GoogleDataTransport: 1c8145da7117bd68bbbed00cf304edb6a24de00f
  GoogleUtilities: bad72cb363809015b1f7f19beb1f1cd23c589f95
  in_app_purchase_storekit: 4fb7ee9e824b1f09107fbfbbce8c4b276366dc43
  just_audio: 9b67ca7b97c61cfc9784ea23cd8cc55eb226d489
  location: 7cdb0665bd6577d382b0a343acdadbcb7f964775
  nanopb: b552cce312b6c8484180ef47159bc0f65a1f0431
  package_info_plus: 02d7a575e80f194102bef286361c6c326e4c29ce
  path_provider_foundation: c68054786f1b4f3343858c1e1d0caaded73f0be9
  platform_device_id: 3e414428f45df149bbbfb623e2c0ca27c545b763
  platform_device_id_macos: f763bb55f088be804d61b96eb4710b8ab6598e94
  PromisesObjC: ab77feca74fa2823e7af4249b8326368e61014cb
  share_plus: 76dd39142738f7a68dd57b05093b5e8193f220f7
  shared_preferences_foundation: 986fc17f3d3251412d18b0265f9c64113a8c2472
  url_launcher_macos: 5335912b679c073563f29d89d33d10d459f95451
  wakelock_macos: bc3f2a9bd8d2e6c89fee1e1822e7ddac3bd004a9

PODFILE CHECKSUM: 505596d150d38022472859d890f709281982e016

COCOAPODS: 1.11.3
